// !$*UTF8*$!
{
	archiveVersion = 1;
	classes = {
	};
	objectVersion = 56;
	objects = {

/* Begin PBXBuildFile section */
		9A00D1772952F80F000734FF /* StarView.swift in Sources */ = {isa = PBXBuildFile; fileRef = 9A00D1762952F80F000734FF /* StarView.swift */; };
		9A2912652965BFA500012AFD /* BadgeView.swift in Sources */ = {isa = PBXBuildFile; fileRef = 9A2912642965BFA300012AFD /* BadgeView.swift */; };
		9A51DB85294B594900DD6CEA /* Landmark.swift in Sources */ = {isa = PBXBuildFile; fileRef = 9A51DB84294B594900DD6CEA /* Landmark.swift */; };
		9A5D6989294B7FC8000E98F7 /* MKCoordinateRegion+Extensions.swift in Sources */ = {isa = PBXBuildFile; fileRef = 9A5D6988294B7FC8000E98F7 /* MKCoordinateRegion+Extensions.swift */; };
		9A5D698C294B84BD000E98F7 /* LocalSearchService.swift in Sources */ = {isa = PBXBuildFile; fileRef = 9A5D698B294B84BD000E98F7 /* LocalSearchService.swift */; };
		9A8A25A12949E0B8006F74CA /* HungerApp.swift in Sources */ = {isa = PBXBuildFile; fileRef = 9A8A25A02949E0B8006F74CA /* HungerApp.swift */; };
		9A8A25A32949E0B8006F74CA /* ContentView.swift in Sources */ = {isa = PBXBuildFile; fileRef = 9A8A25A22949E0B8006F74CA /* ContentView.swift */; };
		9A8A25A52949E0BC006F74CA /* Assets.xcassets in Resources */ = {isa = PBXBuildFile; fileRef = 9A8A25A42949E0BC006F74CA /* Assets.xcassets */; };
		9A8A25A82949E0BC006F74CA /* Preview Assets.xcassets in Resources */ = {isa = PBXBuildFile; fileRef = 9A8A25A72949E0BC006F74CA /* Preview Assets.xcassets */; };
		9A8A25AA2949E0BC006F74CA /* Persistence.swift in Sources */ = {isa = PBXBuildFile; fileRef = 9A8A25A92949E0BC006F74CA /* Persistence.swift */; };
		9A8B37C52966C64700FA1391 /* AddFriendView.swift in Sources */ = {isa = PBXBuildFile; fileRef = 9A8B37C42966C64700FA1391 /* AddFriendView.swift */; };
		9A92781F296C2A8000EF4436 /* FriendAddedView.swift in Sources */ = {isa = PBXBuildFile; fileRef = 9A92781E296C2A8000EF4436 /* FriendAddedView.swift */; };
		9AD2468E2949F96F0081AD32 /* HungerModel.swift in Sources */ = {isa = PBXBuildFile; fileRef = 9AD2468D2949F96F0081AD32 /* HungerModel.swift */; };
		9AD24690294B1D3D0081AD32 /* StartView.swift in Sources */ = {isa = PBXBuildFile; fileRef = 9AD2468F294B1D3D0081AD32 /* StartView.swift */; };
		9AD24698294B26090081AD32 /* LocationManager.swift in Sources */ = {isa = PBXBuildFile; fileRef = 9AD24697294B26090081AD32 /* LocationManager.swift */; };
		9AD2469B294B391C0081AD32 /* LandmarkAnnotation.swift in Sources */ = {isa = PBXBuildFile; fileRef = 9AD2469A294B391C0081AD32 /* LandmarkAnnotation.swift */; };
		9AF7C4C7294B9B3C007A5BC4 /* LandmarkListView.swift in Sources */ = {isa = PBXBuildFile; fileRef = 9AF7C4C6294B9B3C007A5BC4 /* LandmarkListView.swift */; };
		9AF7C4C929508386007A5BC4 /* HungerVM.swift in Sources */ = {isa = PBXBuildFile; fileRef = 9AF7C4C829508386007A5BC4 /* HungerVM.swift */; };
		9AF7C4CB2950A477007A5BC4 /* RatingsView.swift in Sources */ = {isa = PBXBuildFile; fileRef = 9AF7C4CA2950A477007A5BC4 /* RatingsView.swift */; };
		9AF7C4CD2950C70F007A5BC4 /* StarRateView.swift in Sources */ = {isa = PBXBuildFile; fileRef = 9AF7C4CC2950C70F007A5BC4 /* StarRateView.swift */; };
		9AFDC5532949E56500EAC88F /* SignInView.swift in Sources */ = {isa = PBXBuildFile; fileRef = 9AFDC5522949E56500EAC88F /* SignInView.swift */; };
/* End PBXBuildFile section */

/* Begin PBXFileReference section */
		9A00D1762952F80F000734FF /* StarView.swift */ = {isa = PBXFileReference; lastKnownFileType = sourcecode.swift; path = StarView.swift; sourceTree = "<group>"; };
		9A2912642965BFA300012AFD /* BadgeView.swift */ = {isa = PBXFileReference; lastKnownFileType = sourcecode.swift; path = BadgeView.swift; sourceTree = "<group>"; };
		9A51DB84294B594900DD6CEA /* Landmark.swift */ = {isa = PBXFileReference; lastKnownFileType = sourcecode.swift; path = Landmark.swift; sourceTree = "<group>"; };
		9A5D6988294B7FC8000E98F7 /* MKCoordinateRegion+Extensions.swift */ = {isa = PBXFileReference; lastKnownFileType = sourcecode.swift; path = "MKCoordinateRegion+Extensions.swift"; sourceTree = "<group>"; };
		9A5D698B294B84BD000E98F7 /* LocalSearchService.swift */ = {isa = PBXFileReference; lastKnownFileType = sourcecode.swift; path = LocalSearchService.swift; sourceTree = "<group>"; };
		9A8A259D2949E0B8006F74CA /* Hunger.app */ = {isa = PBXFileReference; explicitFileType = wrapper.application; includeInIndex = 0; path = Hunger.app; sourceTree = BUILT_PRODUCTS_DIR; };
		9A8A25A02949E0B8006F74CA /* HungerApp.swift */ = {isa = PBXFileReference; lastKnownFileType = sourcecode.swift; path = HungerApp.swift; sourceTree = "<group>"; };
		9A8A25A22949E0B8006F74CA /* ContentView.swift */ = {isa = PBXFileReference; lastKnownFileType = sourcecode.swift; path = ContentView.swift; sourceTree = "<group>"; };
		9A8A25A42949E0BC006F74CA /* Assets.xcassets */ = {isa = PBXFileReference; lastKnownFileType = folder.assetcatalog; path = Assets.xcassets; sourceTree = "<group>"; };
		9A8A25A72949E0BC006F74CA /* Preview Assets.xcassets */ = {isa = PBXFileReference; lastKnownFileType = folder.assetcatalog; path = "Preview Assets.xcassets"; sourceTree = "<group>"; };
		9A8A25A92949E0BC006F74CA /* Persistence.swift */ = {isa = PBXFileReference; lastKnownFileType = sourcecode.swift; path = Persistence.swift; sourceTree = "<group>"; };
		9A8A25AE2949E0BC006F74CA /* Info.plist */ = {isa = PBXFileReference; lastKnownFileType = text.plist.xml; path = Info.plist; sourceTree = "<group>"; };
		9A8B37C42966C64700FA1391 /* AddFriendView.swift */ = {isa = PBXFileReference; lastKnownFileType = sourcecode.swift; path = AddFriendView.swift; sourceTree = "<group>"; };
		9A92781E296C2A8000EF4436 /* FriendAddedView.swift */ = {isa = PBXFileReference; lastKnownFileType = sourcecode.swift; path = FriendAddedView.swift; sourceTree = "<group>"; };
		9AD2468D2949F96F0081AD32 /* HungerModel.swift */ = {isa = PBXFileReference; lastKnownFileType = sourcecode.swift; path = HungerModel.swift; sourceTree = "<group>"; };
		9AD2468F294B1D3D0081AD32 /* StartView.swift */ = {isa = PBXFileReference; lastKnownFileType = sourcecode.swift; path = StartView.swift; sourceTree = "<group>"; };
		9AD24697294B26090081AD32 /* LocationManager.swift */ = {isa = PBXFileReference; lastKnownFileType = sourcecode.swift; path = LocationManager.swift; sourceTree = "<group>"; };
		9AD2469A294B391C0081AD32 /* LandmarkAnnotation.swift */ = {isa = PBXFileReference; lastKnownFileType = sourcecode.swift; path = LandmarkAnnotation.swift; sourceTree = "<group>"; };
		9AF7C4C6294B9B3C007A5BC4 /* LandmarkListView.swift */ = {isa = PBXFileReference; lastKnownFileType = sourcecode.swift; path = LandmarkListView.swift; sourceTree = "<group>"; };
		9AF7C4C829508386007A5BC4 /* HungerVM.swift */ = {isa = PBXFileReference; lastKnownFileType = sourcecode.swift; path = HungerVM.swift; sourceTree = "<group>"; };
		9AF7C4CA2950A477007A5BC4 /* RatingsView.swift */ = {isa = PBXFileReference; lastKnownFileType = sourcecode.swift; path = RatingsView.swift; sourceTree = "<group>"; };
		9AF7C4CC2950C70F007A5BC4 /* StarRateView.swift */ = {isa = PBXFileReference; lastKnownFileType = sourcecode.swift; path = StarRateView.swift; sourceTree = "<group>"; };
		9AFDC5512949E4D800EAC88F /* Hunger.entitlements */ = {isa = PBXFileReference; lastKnownFileType = text.plist.entitlements; path = Hunger.entitlements; sourceTree = "<group>"; };
		9AFDC5522949E56500EAC88F /* SignInView.swift */ = {isa = PBXFileReference; lastKnownFileType = sourcecode.swift; path = SignInView.swift; sourceTree = "<group>"; };
/* End PBXFileReference section */

/* Begin PBXFrameworksBuildPhase section */
		9A8A259A2949E0B8006F74CA /* Frameworks */ = {
			isa = PBXFrameworksBuildPhase;
			buildActionMask = 2147483647;
			files = (
			);
			runOnlyForDeploymentPostprocessing = 0;
		};
/* End PBXFrameworksBuildPhase section */

/* Begin PBXGroup section */
		9A5D6987294B7F07000E98F7 /* Extensions */ = {
			isa = PBXGroup;
			children = (
				9A5D6988294B7FC8000E98F7 /* MKCoordinateRegion+Extensions.swift */,
			);
			path = Extensions;
			sourceTree = "<group>";
		};
		9A5D698A294B84A8000E98F7 /* Services */ = {
			isa = PBXGroup;
			children = (
				9AD24696294B25F30081AD32 /* Managers */,
				9A5D698B294B84BD000E98F7 /* LocalSearchService.swift */,
			);
			path = Services;
			sourceTree = "<group>";
		};
		9A8A25942949E0B8006F74CA = {
			isa = PBXGroup;
			children = (
				9A8A259F2949E0B8006F74CA /* Hunger */,
				9A8A259E2949E0B8006F74CA /* Products */,
			);
			sourceTree = "<group>";
		};
		9A8A259E2949E0B8006F74CA /* Products */ = {
			isa = PBXGroup;
			children = (
				9A8A259D2949E0B8006F74CA /* Hunger.app */,
			);
			name = Products;
			sourceTree = "<group>";
		};
		9A8A259F2949E0B8006F74CA /* Hunger */ = {
			isa = PBXGroup;
			children = (
				9AFDC5512949E4D800EAC88F /* Hunger.entitlements */,
				9AF7C4C829508386007A5BC4 /* HungerVM.swift */,
				9A8A25A02949E0B8006F74CA /* HungerApp.swift */,
				9A8A25A22949E0B8006F74CA /* ContentView.swift */,
				9AD24691294B21280081AD32 /* Views */,
				9AD24699294B38370081AD32 /* Models */,
				9A5D698A294B84A8000E98F7 /* Services */,
				9A5D6987294B7F07000E98F7 /* Extensions */,
				9A8A25A42949E0BC006F74CA /* Assets.xcassets */,
				9A8A25A92949E0BC006F74CA /* Persistence.swift */,
				9A8A25AE2949E0BC006F74CA /* Info.plist */,
				9A8A25A62949E0BC006F74CA /* Preview Content */,
			);
			path = Hunger;
			sourceTree = "<group>";
		};
		9A8A25A62949E0BC006F74CA /* Preview Content */ = {
			isa = PBXGroup;
			children = (
				9A8A25A72949E0BC006F74CA /* Preview Assets.xcassets */,
			);
			path = "Preview Content";
			sourceTree = "<group>";
		};
		9AD24691294B21280081AD32 /* Views */ = {
			isa = PBXGroup;
			children = (
				9AFDC5522949E56500EAC88F /* SignInView.swift */,
				9AD2468F294B1D3D0081AD32 /* StartView.swift */,
				9AF7C4CC2950C70F007A5BC4 /* StarRateView.swift */,
				9AF7C4C6294B9B3C007A5BC4 /* LandmarkListView.swift */,
				9AF7C4CA2950A477007A5BC4 /* RatingsView.swift */,
				9A00D1762952F80F000734FF /* StarView.swift */,
				9A2912642965BFA300012AFD /* BadgeView.swift */,
				9A8B37C42966C64700FA1391 /* AddFriendView.swift */,
				9A92781E296C2A8000EF4436 /* FriendAddedView.swift */,
			);
			path = Views;
			sourceTree = "<group>";
		};
		9AD24696294B25F30081AD32 /* Managers */ = {
			isa = PBXGroup;
			children = (
				9AD24697294B26090081AD32 /* LocationManager.swift */,
			);
			path = Managers;
			sourceTree = "<group>";
		};
		9AD24699294B38370081AD32 /* Models */ = {
			isa = PBXGroup;
			children = (
				9A51DB84294B594900DD6CEA /* Landmark.swift */,
				9AD2468D2949F96F0081AD32 /* HungerModel.swift */,
				9AD2469A294B391C0081AD32 /* LandmarkAnnotation.swift */,
			);
			path = Models;
			sourceTree = "<group>";
		};
/* End PBXGroup section */

/* Begin PBXNativeTarget section */
		9A8A259C2949E0B8006F74CA /* Hunger */ = {
			isa = PBXNativeTarget;
			buildConfigurationList = 9A8A25B12949E0BC006F74CA /* Build configuration list for PBXNativeTarget "Hunger" */;
			buildPhases = (
				9A8A25992949E0B8006F74CA /* Sources */,
				9A8A259A2949E0B8006F74CA /* Frameworks */,
				9A8A259B2949E0B8006F74CA /* Resources */,
			);
			buildRules = (
			);
			dependencies = (
			);
			name = Hunger;
			productName = Hunger;
			productReference = 9A8A259D2949E0B8006F74CA /* Hunger.app */;
			productType = "com.apple.product-type.application";
		};
/* End PBXNativeTarget section */

/* Begin PBXProject section */
		9A8A25952949E0B8006F74CA /* Project object */ = {
			isa = PBXProject;
			attributes = {
				BuildIndependentTargetsInParallel = 1;
				LastSwiftUpdateCheck = 1410;
				LastUpgradeCheck = 1410;
				TargetAttributes = {
					9A8A259C2949E0B8006F74CA = {
						CreatedOnToolsVersion = 14.1;
					};
				};
			};
			buildConfigurationList = 9A8A25982949E0B8006F74CA /* Build configuration list for PBXProject "Hunger" */;
			compatibilityVersion = "Xcode 14.0";
			developmentRegion = en;
			hasScannedForEncodings = 0;
			knownRegions = (
				en,
				Base,
			);
			mainGroup = 9A8A25942949E0B8006F74CA;
			productRefGroup = 9A8A259E2949E0B8006F74CA /* Products */;
			projectDirPath = "";
			projectRoot = "";
			targets = (
				9A8A259C2949E0B8006F74CA /* Hunger */,
			);
		};
/* End PBXProject section */

/* Begin PBXResourcesBuildPhase section */
		9A8A259B2949E0B8006F74CA /* Resources */ = {
			isa = PBXResourcesBuildPhase;
			buildActionMask = 2147483647;
			files = (
				9A8A25A82949E0BC006F74CA /* Preview Assets.xcassets in Resources */,
				9A8A25A52949E0BC006F74CA /* Assets.xcassets in Resources */,
			);
			runOnlyForDeploymentPostprocessing = 0;
		};
/* End PBXResourcesBuildPhase section */

/* Begin PBXSourcesBuildPhase section */
		9A8A25992949E0B8006F74CA /* Sources */ = {
			isa = PBXSourcesBuildPhase;
			buildActionMask = 2147483647;
			files = (
				9A8B37C52966C64700FA1391 /* AddFriendView.swift in Sources */,
				9A51DB85294B594900DD6CEA /* Landmark.swift in Sources */,
				9AF7C4CB2950A477007A5BC4 /* RatingsView.swift in Sources */,
				9A92781F296C2A8000EF4436 /* FriendAddedView.swift in Sources */,
				9AD24690294B1D3D0081AD32 /* StartView.swift in Sources */,
				9A2912652965BFA500012AFD /* BadgeView.swift in Sources */,
				9AF7C4CD2950C70F007A5BC4 /* StarRateView.swift in Sources */,
				9AD24698294B26090081AD32 /* LocationManager.swift in Sources */,
				9AF7C4C7294B9B3C007A5BC4 /* LandmarkListView.swift in Sources */,
				9A8A25AA2949E0BC006F74CA /* Persistence.swift in Sources */,
				9AD2468E2949F96F0081AD32 /* HungerModel.swift in Sources */,
				9A5D698C294B84BD000E98F7 /* LocalSearchService.swift in Sources */,
				9A5D6989294B7FC8000E98F7 /* MKCoordinateRegion+Extensions.swift in Sources */,
				9AF7C4C929508386007A5BC4 /* HungerVM.swift in Sources */,
				9A8A25A32949E0B8006F74CA /* ContentView.swift in Sources */,
				9A8A25A12949E0B8006F74CA /* HungerApp.swift in Sources */,
				9AD2469B294B391C0081AD32 /* LandmarkAnnotation.swift in Sources */,
				9A00D1772952F80F000734FF /* StarView.swift in Sources */,
				9AFDC5532949E56500EAC88F /* SignInView.swift in Sources */,
			);
			runOnlyForDeploymentPostprocessing = 0;
		};
/* End PBXSourcesBuildPhase section */

/* Begin XCBuildConfiguration section */
		9A8A25AF2949E0BC006F74CA /* Debug */ = {
			isa = XCBuildConfiguration;
			buildSettings = {
				ALWAYS_SEARCH_USER_PATHS = NO;
				CLANG_ANALYZER_NONNULL = YES;
				CLANG_ANALYZER_NUMBER_OBJECT_CONVERSION = YES_AGGRESSIVE;
				CLANG_CXX_LANGUAGE_STANDARD = "gnu++20";
				CLANG_ENABLE_MODULES = YES;
				CLANG_ENABLE_OBJC_ARC = YES;
				CLANG_ENABLE_OBJC_WEAK = YES;
				CLANG_WARN_BLOCK_CAPTURE_AUTORELEASING = YES;
				CLANG_WARN_BOOL_CONVERSION = YES;
				CLANG_WARN_COMMA = YES;
				CLANG_WARN_CONSTANT_CONVERSION = YES;
				CLANG_WARN_DEPRECATED_OBJC_IMPLEMENTATIONS = YES;
				CLANG_WARN_DIRECT_OBJC_ISA_USAGE = YES_ERROR;
				CLANG_WARN_DOCUMENTATION_COMMENTS = YES;
				CLANG_WARN_EMPTY_BODY = YES;
				CLANG_WARN_ENUM_CONVERSION = YES;
				CLANG_WARN_INFINITE_RECURSION = YES;
				CLANG_WARN_INT_CONVERSION = YES;
				CLANG_WARN_NON_LITERAL_NULL_CONVERSION = YES;
				CLANG_WARN_OBJC_IMPLICIT_RETAIN_SELF = YES;
				CLANG_WARN_OBJC_LITERAL_CONVERSION = YES;
				CLANG_WARN_OBJC_ROOT_CLASS = YES_ERROR;
				CLANG_WARN_QUOTED_INCLUDE_IN_FRAMEWORK_HEADER = YES;
				CLANG_WARN_RANGE_LOOP_ANALYSIS = YES;
				CLANG_WARN_STRICT_PROTOTYPES = YES;
				CLANG_WARN_SUSPICIOUS_MOVE = YES;
				CLANG_WARN_UNGUARDED_AVAILABILITY = YES_AGGRESSIVE;
				CLANG_WARN_UNREACHABLE_CODE = YES;
				CLANG_WARN__DUPLICATE_METHOD_MATCH = YES;
				COPY_PHASE_STRIP = NO;
				DEBUG_INFORMATION_FORMAT = dwarf;
				ENABLE_STRICT_OBJC_MSGSEND = YES;
				ENABLE_TESTABILITY = YES;
				GCC_C_LANGUAGE_STANDARD = gnu11;
				GCC_DYNAMIC_NO_PIC = NO;
				GCC_NO_COMMON_BLOCKS = YES;
				GCC_OPTIMIZATION_LEVEL = 0;
				GCC_PREPROCESSOR_DEFINITIONS = (
					"DEBUG=1",
					"$(inherited)",
				);
				GCC_WARN_64_TO_32_BIT_CONVERSION = YES;
				GCC_WARN_ABOUT_RETURN_TYPE = YES_ERROR;
				GCC_WARN_UNDECLARED_SELECTOR = YES;
				GCC_WARN_UNINITIALIZED_AUTOS = YES_AGGRESSIVE;
				GCC_WARN_UNUSED_FUNCTION = YES;
				GCC_WARN_UNUSED_VARIABLE = YES;
				IPHONEOS_DEPLOYMENT_TARGET = 16.1;
				MTL_ENABLE_DEBUG_INFO = INCLUDE_SOURCE;
				MTL_FAST_MATH = YES;
				ONLY_ACTIVE_ARCH = YES;
				SDKROOT = iphoneos;
				SWIFT_ACTIVE_COMPILATION_CONDITIONS = DEBUG;
				SWIFT_OPTIMIZATION_LEVEL = "-Onone";
			};
			name = Debug;
		};
		9A8A25B02949E0BC006F74CA /* Release */ = {
			isa = XCBuildConfiguration;
			buildSettings = {
				ALWAYS_SEARCH_USER_PATHS = NO;
				CLANG_ANALYZER_NONNULL = YES;
				CLANG_ANALYZER_NUMBER_OBJECT_CONVERSION = YES_AGGRESSIVE;
				CLANG_CXX_LANGUAGE_STANDARD = "gnu++20";
				CLANG_ENABLE_MODULES = YES;
				CLANG_ENABLE_OBJC_ARC = YES;
				CLANG_ENABLE_OBJC_WEAK = YES;
				CLANG_WARN_BLOCK_CAPTURE_AUTORELEASING = YES;
				CLANG_WARN_BOOL_CONVERSION = YES;
				CLANG_WARN_COMMA = YES;
				CLANG_WARN_CONSTANT_CONVERSION = YES;
				CLANG_WARN_DEPRECATED_OBJC_IMPLEMENTATIONS = YES;
				CLANG_WARN_DIRECT_OBJC_ISA_USAGE = YES_ERROR;
				CLANG_WARN_DOCUMENTATION_COMMENTS = YES;
				CLANG_WARN_EMPTY_BODY = YES;
				CLANG_WARN_ENUM_CONVERSION = YES;
				CLANG_WARN_INFINITE_RECURSION = YES;
				CLANG_WARN_INT_CONVERSION = YES;
				CLANG_WARN_NON_LITERAL_NULL_CONVERSION = YES;
				CLANG_WARN_OBJC_IMPLICIT_RETAIN_SELF = YES;
				CLANG_WARN_OBJC_LITERAL_CONVERSION = YES;
				CLANG_WARN_OBJC_ROOT_CLASS = YES_ERROR;
				CLANG_WARN_QUOTED_INCLUDE_IN_FRAMEWORK_HEADER = YES;
				CLANG_WARN_RANGE_LOOP_ANALYSIS = YES;
				CLANG_WARN_STRICT_PROTOTYPES = YES;
				CLANG_WARN_SUSPICIOUS_MOVE = YES;
				CLANG_WARN_UNGUARDED_AVAILABILITY = YES_AGGRESSIVE;
				CLANG_WARN_UNREACHABLE_CODE = YES;
				CLANG_WARN__DUPLICATE_METHOD_MATCH = YES;
				COPY_PHASE_STRIP = NO;
				DEBUG_INFORMATION_FORMAT = "dwarf-with-dsym";
				ENABLE_NS_ASSERTIONS = NO;
				ENABLE_STRICT_OBJC_MSGSEND = YES;
				GCC_C_LANGUAGE_STANDARD = gnu11;
				GCC_NO_COMMON_BLOCKS = YES;
				GCC_WARN_64_TO_32_BIT_CONVERSION = YES;
				GCC_WARN_ABOUT_RETURN_TYPE = YES_ERROR;
				GCC_WARN_UNDECLARED_SELECTOR = YES;
				GCC_WARN_UNINITIALIZED_AUTOS = YES_AGGRESSIVE;
				GCC_WARN_UNUSED_FUNCTION = YES;
				GCC_WARN_UNUSED_VARIABLE = YES;
				IPHONEOS_DEPLOYMENT_TARGET = 16.1;
				MTL_ENABLE_DEBUG_INFO = NO;
				MTL_FAST_MATH = YES;
				SDKROOT = iphoneos;
				SWIFT_COMPILATION_MODE = wholemodule;
				SWIFT_OPTIMIZATION_LEVEL = "-O";
				VALIDATE_PRODUCT = YES;
			};
			name = Release;
		};
		9A8A25B22949E0BC006F74CA /* Debug */ = {
			isa = XCBuildConfiguration;
			buildSettings = {
				ASSETCATALOG_COMPILER_APPICON_NAME = AppIcon;
				ASSETCATALOG_COMPILER_GLOBAL_ACCENT_COLOR_NAME = AccentColor;
				ASSETCATALOG_COMPILER_INCLUDE_ALL_APPICON_ASSETS = NO;
				CODE_SIGN_ENTITLEMENTS = Hunger/Hunger.entitlements;
				CODE_SIGN_STYLE = Automatic;
				CURRENT_PROJECT_VERSION = 1;
				DEVELOPMENT_ASSET_PATHS = "\"Hunger/Preview Content\"";
				DEVELOPMENT_TEAM = YSP2UANKBV;
				ENABLE_PREVIEWS = YES;
				GENERATE_INFOPLIST_FILE = YES;
				INFOPLIST_FILE = Hunger/Info.plist;
				INFOPLIST_KEY_NSLocationAlwaysAndWhenInUseUsageDescription = "This app requires your location";
				INFOPLIST_KEY_NSLocationWhenInUseUsageDescription = "This app requires your location";
				INFOPLIST_KEY_UIApplicationSceneManifest_Generation = YES;
				INFOPLIST_KEY_UIApplicationSupportsIndirectInputEvents = YES;
				INFOPLIST_KEY_UILaunchScreen_Generation = YES;
				INFOPLIST_KEY_UISupportedInterfaceOrientations_iPad = "UIInterfaceOrientationPortrait UIInterfaceOrientationPortraitUpsideDown UIInterfaceOrientationLandscapeLeft UIInterfaceOrientationLandscapeRight";
				INFOPLIST_KEY_UISupportedInterfaceOrientations_iPhone = "UIInterfaceOrientationPortrait UIInterfaceOrientationLandscapeLeft UIInterfaceOrientationLandscapeRight";
				LD_RUNPATH_SEARCH_PATHS = (
					"$(inherited)",
					"@executable_path/Frameworks",
				);
				MARKETING_VERSION = 1.0;
				PRODUCT_BUNDLE_IDENTIFIER = kth.Hunger;
				PRODUCT_NAME = "$(TARGET_NAME)";
				SWIFT_EMIT_LOC_STRINGS = YES;
				SWIFT_VERSION = 5.0;
				TARGETED_DEVICE_FAMILY = "1,2";
			};
			name = Debug;
		};
		9A8A25B32949E0BC006F74CA /* Release */ = {
			isa = XCBuildConfiguration;
			buildSettings = {
				ASSETCATALOG_COMPILER_APPICON_NAME = AppIcon;
				ASSETCATALOG_COMPILER_GLOBAL_ACCENT_COLOR_NAME = AccentColor;
				ASSETCATALOG_COMPILER_INCLUDE_ALL_APPICON_ASSETS = NO;
				CODE_SIGN_ENTITLEMENTS = Hunger/Hunger.entitlements;
				CODE_SIGN_STYLE = Automatic;
				CURRENT_PROJECT_VERSION = 1;
				DEVELOPMENT_ASSET_PATHS = "\"Hunger/Preview Content\"";
				DEVELOPMENT_TEAM = YSP2UANKBV;
				ENABLE_PREVIEWS = YES;
				GENERATE_INFOPLIST_FILE = YES;
				INFOPLIST_FILE = Hunger/Info.plist;
				INFOPLIST_KEY_NSLocationAlwaysAndWhenInUseUsageDescription = "This app requires your location";
				INFOPLIST_KEY_NSLocationWhenInUseUsageDescription = "This app requires your location";
				INFOPLIST_KEY_UIApplicationSceneManifest_Generation = YES;
				INFOPLIST_KEY_UIApplicationSupportsIndirectInputEvents = YES;
				INFOPLIST_KEY_UILaunchScreen_Generation = YES;
				INFOPLIST_KEY_UISupportedInterfaceOrientations_iPad = "UIInterfaceOrientationPortrait UIInterfaceOrientationPortraitUpsideDown UIInterfaceOrientationLandscapeLeft UIInterfaceOrientationLandscapeRight";
				INFOPLIST_KEY_UISupportedInterfaceOrientations_iPhone = "UIInterfaceOrientationPortrait UIInterfaceOrientationLandscapeLeft UIInterfaceOrientationLandscapeRight";
				LD_RUNPATH_SEARCH_PATHS = (
					"$(inherited)",
					"@executable_path/Frameworks",
				);
				MARKETING_VERSION = 1.0;
				PRODUCT_BUNDLE_IDENTIFIER = kth.Hunger;
				PRODUCT_NAME = "$(TARGET_NAME)";
				SWIFT_EMIT_LOC_STRINGS = YES;
				SWIFT_VERSION = 5.0;
				TARGETED_DEVICE_FAMILY = "1,2";
			};
			name = Release;
		};
/* End XCBuildConfiguration section */

/* Begin XCConfigurationList section */
		9A8A25982949E0B8006F74CA /* Build configuration list for PBXProject "Hunger" */ = {
			isa = XCConfigurationList;
			buildConfigurations = (
				9A8A25AF2949E0BC006F74CA /* Debug */,
				9A8A25B02949E0BC006F74CA /* Release */,
			);
			defaultConfigurationIsVisible = 0;
			defaultConfigurationName = Release;
		};
		9A8A25B12949E0BC006F74CA /* Build configuration list for PBXNativeTarget "Hunger" */ = {
			isa = XCConfigurationList;
			buildConfigurations = (
				9A8A25B22949E0BC006F74CA /* Debug */,
				9A8A25B32949E0BC006F74CA /* Release */,
			);
			defaultConfigurationIsVisible = 0;
			defaultConfigurationName = Release;
		};
/* End XCConfigurationList section */
	};
	rootObject = 9A8A25952949E0B8006F74CA /* Project object */;
}
